
Microsoft Visual Studio Solution File, Format Version 12.00
# Visual Studio 15
VisualStudioVersion = 15.0.27703.2026
MinimumVisualStudioVersion = 10.0.40219.1
Project("{2150E333-8FDC-42A3-9474-1A3956D46DE8}") = "src", "src", "{369A1C1C-22F3-4A46-A8FF-9724EF317485}"
EndProject
Project("{FAE04EC0-301F-11D3-BF4B-00C04F79EFBC}") = "ChannelAdam.TestFramework.MSTest", "src\ChannelAdam.TestFramework.MSTest\ChannelAdam.TestFramework.MSTest.csproj", "{07441F23-A991-4E4F-BA10-E95643E8D7BC}"
EndProject
Project("{2150E333-8FDC-42A3-9474-1A3956D46DE8}") = "Solution Items", "Solution Items", "{08DEE0EB-8433-44C7-8007-082466C1CF7F}"
	ProjectSection(SolutionItems) = preProject
		.gitignore = .gitignore
		GitVersion.yml = GitVersion.yml
		README.md = README.md
	EndProjectSection
EndProject
Global
	GlobalSection(SolutionConfigurationPlatforms) = preSolution
		Debug|Any CPU = Debug|Any CPU
		Release|Any CPU = Release|Any CPU
	EndGlobalSection
	GlobalSection(ProjectConfigurationPlatforms) = postSolution
		{07441F23-A991-4E4F-BA10-E95643E8D7BC}.Debug|Any CPU.ActiveCfg = Debug|Any CPU
		{07441F23-A991-4E4F-BA10-E95643E8D7BC}.Debug|Any CPU.Build.0 = Debug|Any CPU
		{07441F23-A991-4E4F-BA10-E95643E8D7BC}.Release|Any CPU.ActiveCfg = Release|Any CPU
		{07441F23-A991-4E4F-BA10-E95643E8D7BC}.Release|Any CPU.Build.0 = Release|Any CPU
	EndGlobalSection
	GlobalSection(SolutionProperties) = preSolution
		HideSolutionNode = FALSE
	EndGlobalSection
	GlobalSection(NestedProjects) = preSolution
		{07441F23-A991-4E4F-BA10-E95643E8D7BC} = {369A1C1C-22F3-4A46-A8FF-9724EF317485}
	EndGlobalSection
	GlobalSection(ExtensibilityGlobals) = postSolution
		SolutionGuid = {39C3BA23-B652-43B2-B842-5FD7EAB10DD8}
	EndGlobalSection
EndGlobal
